
Microsoft Visual Studio Solution File, Format Version 12.00
# Visual Studio Version 17
VisualStudioVersion = 17.14.36518.9
MinimumVisualStudioVersion = 10.0.40219.1
Project("{FAE04EC0-301F-11D3-BF4B-00C04F79EFBC}") = "TradeCompanyIS", "TradeCompaniesIS\TradeCompanyIS.csproj", "{30B6B57D-8C42-4471-B78E-2490DA663D42}"
EndProject
Project("{FAE04EC0-301F-11D3-BF4B-00C04F79EFBC}") = "TradeCompanyIS.Core", "TradeCompanyIS.Core\TradeCompanyIS.Core.csproj", "{C41B8675-4253-484E-BD7C-683A557CB9F5}"
EndProject
Project("{FAE04EC0-301F-11D3-BF4B-00C04F79EFBC}") = "TradeCompanyIS.Application", "TradeCompanyIS.Application\TradeCompanyIS.Application.csproj", "{BFD9F70A-A58B-4BFF-874A-A0319489A565}"
EndProject
Project("{FAE04EC0-301F-11D3-BF4B-00C04F79EFBC}") = "TradeCompanyIS.DataAccess.Postgres", "TradeCompanyIS.DataAccess.Postgres\TradeCompanyIS.DataAccess.Postgres.csproj", "{82CC8876-0077-45E7-8DAA-74BD9FCE22E5}"
EndProject
Global
	GlobalSection(SolutionConfigurationPlatforms) = preSolution
		Debug|Any CPU = Debug|Any CPU
		Release|Any CPU = Release|Any CPU
	EndGlobalSection
	GlobalSection(ProjectConfigurationPlatforms) = postSolution
		{30B6B57D-8C42-4471-B78E-2490DA663D42}.Debug|Any CPU.ActiveCfg = Debug|Any CPU
		{30B6B57D-8C42-4471-B78E-2490DA663D42}.Debug|Any CPU.Build.0 = Debug|Any CPU
		{30B6B57D-8C42-4471-B78E-2490DA663D42}.Release|Any CPU.ActiveCfg = Release|Any CPU
		{30B6B57D-8C42-4471-B78E-2490DA663D42}.Release|Any CPU.Build.0 = Release|Any CPU
		{C41B8675-4253-484E-BD7C-683A557CB9F5}.Debug|Any CPU.ActiveCfg = Debug|Any CPU
		{C41B8675-4253-484E-BD7C-683A557CB9F5}.Debug|Any CPU.Build.0 = Debug|Any CPU
		{C41B8675-4253-484E-BD7C-683A557CB9F5}.Release|Any CPU.ActiveCfg = Release|Any CPU
		{C41B8675-4253-484E-BD7C-683A557CB9F5}.Release|Any CPU.Build.0 = Release|Any CPU
		{BFD9F70A-A58B-4BFF-874A-A0319489A565}.Debug|Any CPU.ActiveCfg = Debug|Any CPU
		{BFD9F70A-A58B-4BFF-874A-A0319489A565}.Debug|Any CPU.Build.0 = Debug|Any CPU
		{BFD9F70A-A58B-4BFF-874A-A0319489A565}.Release|Any CPU.ActiveCfg = Release|Any CPU
		{BFD9F70A-A58B-4BFF-874A-A0319489A565}.Release|Any CPU.Build.0 = Release|Any CPU
		{82CC8876-0077-45E7-8DAA-74BD9FCE22E5}.Debug|Any CPU.ActiveCfg = Debug|Any CPU
		{82CC8876-0077-45E7-8DAA-74BD9FCE22E5}.Debug|Any CPU.Build.0 = Debug|Any CPU
		{82CC8876-0077-45E7-8DAA-74BD9FCE22E5}.Release|Any CPU.ActiveCfg = Release|Any CPU
		{82CC8876-0077-45E7-8DAA-74BD9FCE22E5}.Release|Any CPU.Build.0 = Release|Any CPU
	EndGlobalSection
	GlobalSection(SolutionProperties) = preSolution
		HideSolutionNode = FALSE
	EndGlobalSection
	GlobalSection(ExtensibilityGlobals) = postSolution
		SolutionGuid = {9D74F42E-A5EE-4D66-B632-FCFE0DAA2F06}
	EndGlobalSection
EndGlobal
